
Microsoft Visual Studio Solution File, Format Version 12.00
# Visual Studio Version 17
VisualStudioVersion = 17.14.36221.1 d17.14
MinimumVisualStudioVersion = 10.0.40219.1
Project("{2150E333-8FDC-42A3-9474-1A3956D46DE8}") = "03-EndPoints", "03-EndPoints", "{02EA681E-C7D8-13C7-8484-4AC65E1B71E8}"
EndProject
Project("{2150E333-8FDC-42A3-9474-1A3956D46DE8}") = "src", "src", "{0513B18C-FB80-49F8-8814-9C52FA6F90CD}"
EndProject
Project("{2150E333-8FDC-42A3-9474-1A3956D46DE8}") = "01-Domain", "01-Domain", "{23DD2A30-C306-40A8-A61C-61856B5BED87}"
EndProject
Project("{2150E333-8FDC-42A3-9474-1A3956D46DE8}") = "02-Infrastructures", "02-Infrastructures", "{A64DC40C-7885-4D80-A5FB-BB08F389E42F}"
EndProject
Project("{2150E333-8FDC-42A3-9474-1A3956D46DE8}") = "Core", "Core", "{B797ECFA-5616-4714-A4D8-6925B7D9A282}"
EndProject
Project("{2150E333-8FDC-42A3-9474-1A3956D46DE8}") = "Services", "Services", "{92899C4A-7070-420A-B8C0-F61750A0DF31}"
EndProject
Project("{2150E333-8FDC-42A3-9474-1A3956D46DE8}") = "DataAccess", "DataAccess", "{B3C9C225-794C-4575-880D-C3A2C6E77593}"
EndProject
Project("{2150E333-8FDC-42A3-9474-1A3956D46DE8}") = "Db", "Db", "{323D3B0F-3BCC-4735-BC67-35258C8B4CAB}"
EndProject
Project("{FAE04EC0-301F-11D3-BF4B-00C04F79EFBC}") = "App.Domain.Core", "App.Domain.Core\App.Domain.Core.csproj", "{EE1C9865-79F3-40DB-84B3-F1C60DD5488E}"
EndProject
Project("{FAE04EC0-301F-11D3-BF4B-00C04F79EFBC}") = "App.Domain.AppServices", "App.Domain.AppServices\App.Domain.AppServices.csproj", "{589938FA-FC18-4A03-9EDE-22B2C7D83299}"
EndProject
Project("{FAE04EC0-301F-11D3-BF4B-00C04F79EFBC}") = "App.Domain.Services", "App.Domain.Services\App.Domain.Services.csproj", "{BB53CB06-F610-472A-B495-6E7BED8585F4}"
EndProject
Project("{FAE04EC0-301F-11D3-BF4B-00C04F79EFBC}") = "App.Infra.Data.Repos.Ef", "App.Infra.Data.Repos.Ef\App.Infra.Data.Repos.Ef.csproj", "{DD24670B-8981-4EAF-9CFF-74E09B2722EA}"
EndProject
Project("{FAE04EC0-301F-11D3-BF4B-00C04F79EFBC}") = "App.Infra.Data.Db.SqlServer.Ef", "App.Infra.Data.Db.SqlServer.Ef\App.Infra.Data.Db.SqlServer.Ef.csproj", "{A991CD3E-A452-4915-A630-852F27B7AA0F}"
EndProject
Project("{FAE04EC0-301F-11D3-BF4B-00C04F79EFBC}") = "TestForPython", "TestForPython\TestForPython.csproj", "{0C57F5AC-064E-49E0-8582-3371BB15FB54}"
EndProject
Global
	GlobalSection(SolutionConfigurationPlatforms) = preSolution
		Debug|Any CPU = Debug|Any CPU
		Release|Any CPU = Release|Any CPU
	EndGlobalSection
	GlobalSection(ProjectConfigurationPlatforms) = postSolution
		{EE1C9865-79F3-40DB-84B3-F1C60DD5488E}.Debug|Any CPU.ActiveCfg = Debug|Any CPU
		{EE1C9865-79F3-40DB-84B3-F1C60DD5488E}.Debug|Any CPU.Build.0 = Debug|Any CPU
		{EE1C9865-79F3-40DB-84B3-F1C60DD5488E}.Release|Any CPU.ActiveCfg = Release|Any CPU
		{EE1C9865-79F3-40DB-84B3-F1C60DD5488E}.Release|Any CPU.Build.0 = Release|Any CPU
		{589938FA-FC18-4A03-9EDE-22B2C7D83299}.Debug|Any CPU.ActiveCfg = Debug|Any CPU
		{589938FA-FC18-4A03-9EDE-22B2C7D83299}.Debug|Any CPU.Build.0 = Debug|Any CPU
		{589938FA-FC18-4A03-9EDE-22B2C7D83299}.Release|Any CPU.ActiveCfg = Release|Any CPU
		{589938FA-FC18-4A03-9EDE-22B2C7D83299}.Release|Any CPU.Build.0 = Release|Any CPU
		{BB53CB06-F610-472A-B495-6E7BED8585F4}.Debug|Any CPU.ActiveCfg = Debug|Any CPU
		{BB53CB06-F610-472A-B495-6E7BED8585F4}.Debug|Any CPU.Build.0 = Debug|Any CPU
		{BB53CB06-F610-472A-B495-6E7BED8585F4}.Release|Any CPU.ActiveCfg = Release|Any CPU
		{BB53CB06-F610-472A-B495-6E7BED8585F4}.Release|Any CPU.Build.0 = Release|Any CPU
		{DD24670B-8981-4EAF-9CFF-74E09B2722EA}.Debug|Any CPU.ActiveCfg = Debug|Any CPU
		{DD24670B-8981-4EAF-9CFF-74E09B2722EA}.Debug|Any CPU.Build.0 = Debug|Any CPU
		{DD24670B-8981-4EAF-9CFF-74E09B2722EA}.Release|Any CPU.ActiveCfg = Release|Any CPU
		{DD24670B-8981-4EAF-9CFF-74E09B2722EA}.Release|Any CPU.Build.0 = Release|Any CPU
		{A991CD3E-A452-4915-A630-852F27B7AA0F}.Debug|Any CPU.ActiveCfg = Debug|Any CPU
		{A991CD3E-A452-4915-A630-852F27B7AA0F}.Debug|Any CPU.Build.0 = Debug|Any CPU
		{A991CD3E-A452-4915-A630-852F27B7AA0F}.Release|Any CPU.ActiveCfg = Release|Any CPU
		{A991CD3E-A452-4915-A630-852F27B7AA0F}.Release|Any CPU.Build.0 = Release|Any CPU
		{0C57F5AC-064E-49E0-8582-3371BB15FB54}.Debug|Any CPU.ActiveCfg = Debug|Any CPU
		{0C57F5AC-064E-49E0-8582-3371BB15FB54}.Debug|Any CPU.Build.0 = Debug|Any CPU
		{0C57F5AC-064E-49E0-8582-3371BB15FB54}.Release|Any CPU.ActiveCfg = Release|Any CPU
		{0C57F5AC-064E-49E0-8582-3371BB15FB54}.Release|Any CPU.Build.0 = Release|Any CPU
	EndGlobalSection
	GlobalSection(SolutionProperties) = preSolution
		HideSolutionNode = FALSE
	EndGlobalSection
	GlobalSection(NestedProjects) = preSolution
		{02EA681E-C7D8-13C7-8484-4AC65E1B71E8} = {0513B18C-FB80-49F8-8814-9C52FA6F90CD}
		{23DD2A30-C306-40A8-A61C-61856B5BED87} = {0513B18C-FB80-49F8-8814-9C52FA6F90CD}
		{A64DC40C-7885-4D80-A5FB-BB08F389E42F} = {0513B18C-FB80-49F8-8814-9C52FA6F90CD}
		{B797ECFA-5616-4714-A4D8-6925B7D9A282} = {23DD2A30-C306-40A8-A61C-61856B5BED87}
		{92899C4A-7070-420A-B8C0-F61750A0DF31} = {23DD2A30-C306-40A8-A61C-61856B5BED87}
		{B3C9C225-794C-4575-880D-C3A2C6E77593} = {A64DC40C-7885-4D80-A5FB-BB08F389E42F}
		{323D3B0F-3BCC-4735-BC67-35258C8B4CAB} = {A64DC40C-7885-4D80-A5FB-BB08F389E42F}
		{EE1C9865-79F3-40DB-84B3-F1C60DD5488E} = {B797ECFA-5616-4714-A4D8-6925B7D9A282}
		{589938FA-FC18-4A03-9EDE-22B2C7D83299} = {92899C4A-7070-420A-B8C0-F61750A0DF31}
		{BB53CB06-F610-472A-B495-6E7BED8585F4} = {92899C4A-7070-420A-B8C0-F61750A0DF31}
		{DD24670B-8981-4EAF-9CFF-74E09B2722EA} = {B3C9C225-794C-4575-880D-C3A2C6E77593}
		{A991CD3E-A452-4915-A630-852F27B7AA0F} = {323D3B0F-3BCC-4735-BC67-35258C8B4CAB}
		{0C57F5AC-064E-49E0-8582-3371BB15FB54} = {02EA681E-C7D8-13C7-8484-4AC65E1B71E8}
	EndGlobalSection
	GlobalSection(ExtensibilityGlobals) = postSolution
		SolutionGuid = {09CB5CD2-A447-4A56-8EFF-4798E253892C}
	EndGlobalSection
EndGlobal
